// !$*UTF8*$!
{
	archiveVersion = 1;
	classes = {
	};
	objectVersion = 51;
	objects = {

/* Begin PBXBuildFile section */
		3122CFBB2604FE6600836C5C /* AuthResponse.swift in Sources */ = {isa = PBXBuildFile; fileRef = 3122CFBA2604FE6600836C5C /* AuthResponse.swift */; };
		3122CFC426061D6200836C5C /* DMViewController.swift in Sources */ = {isa = PBXBuildFile; fileRef = 3122CFC326061D6200836C5C /* DMViewController.swift */; };
		3122CFCB26078F2700836C5C /* UIStoryboardExtensions.swift in Sources */ = {isa = PBXBuildFile; fileRef = 3122CFCA26078F2700836C5C /* UIStoryboardExtensions.swift */; };
		3122CFD3260796E400836C5C /* Consts.swift in Sources */ = {isa = PBXBuildFile; fileRef = 3122CFD2260796E400836C5C /* Consts.swift */; };
		3122CFF0260A1C8600836C5C /* AuthenticationConstants.swift in Sources */ = {isa = PBXBuildFile; fileRef = 3122CFEF260A1C8600836C5C /* AuthenticationConstants.swift */; };
		3122CFF8260BCD9000836C5C /* SettingsViewController.swift in Sources */ = {isa = PBXBuildFile; fileRef = 3122CFF7260BCD9000836C5C /* SettingsViewController.swift */; };
		3122CFFC260BCDA000836C5C /* Settings.storyboard in Resources */ = {isa = PBXBuildFile; fileRef = 3122CFFB260BCDA000836C5C /* Settings.storyboard */; };
		3122CFFF260BD88100836C5C /* Settings.swift in Sources */ = {isa = PBXBuildFile; fileRef = 3122CFFE260BD88100836C5C /* Settings.swift */; };
		3122D002260BD9DB00836C5C /* SettingsCell.swift in Sources */ = {isa = PBXBuildFile; fileRef = 3122D001260BD9DB00836C5C /* SettingsCell.swift */; };
		3122D005260BEBA100836C5C /* SettingsHandlers.swift in Sources */ = {isa = PBXBuildFile; fileRef = 3122D004260BEBA000836C5C /* SettingsHandlers.swift */; };
		3122D009260BEDBE00836C5C /* ProfileViewController.swift in Sources */ = {isa = PBXBuildFile; fileRef = 3122D008260BEDBE00836C5C /* ProfileViewController.swift */; };
		3122D00C260BEDEC00836C5C /* Profile.storyboard in Resources */ = {isa = PBXBuildFile; fileRef = 3122D00B260BEDEC00836C5C /* Profile.storyboard */; };
		318CE10B260CF7AC007F3A93 /* UserDefaultsExtension.swift in Sources */ = {isa = PBXBuildFile; fileRef = 318CE10A260CF7AC007F3A93 /* UserDefaultsExtension.swift */; };
		318CE10F260F94B8007F3A93 /* APIConstants.swift in Sources */ = {isa = PBXBuildFile; fileRef = 318CE10E260F94B8007F3A93 /* APIConstants.swift */; };
		318CE113260F9DA6007F3A93 /* NewReleasesResponse.swift in Sources */ = {isa = PBXBuildFile; fileRef = 318CE112260F9DA6007F3A93 /* NewReleasesResponse.swift */; };
		318CE117260FB4FD007F3A93 /* FeaturedPlaylistsResponse.swift in Sources */ = {isa = PBXBuildFile; fileRef = 318CE116260FB4FD007F3A93 /* FeaturedPlaylistsResponse.swift */; };
		318CE11A260FC5E2007F3A93 /* RecommendationsResponse.swift in Sources */ = {isa = PBXBuildFile; fileRef = 318CE119260FC5E2007F3A93 /* RecommendationsResponse.swift */; };
		318CE124260FCA1D007F3A93 /* Image.swift in Sources */ = {isa = PBXBuildFile; fileRef = 318CE123260FCA1D007F3A93 /* Image.swift */; };
		318CE128260FCAB2007F3A93 /* ExternalUrls.swift in Sources */ = {isa = PBXBuildFile; fileRef = 318CE127260FCAB2007F3A93 /* ExternalUrls.swift */; };
		318CE12C260FCB6F007F3A93 /* Artist.swift in Sources */ = {isa = PBXBuildFile; fileRef = 318CE12B260FCB6F007F3A93 /* Artist.swift */; };
		318CE134260FD287007F3A93 /* RecommendationGenresResponse.swift in Sources */ = {isa = PBXBuildFile; fileRef = 318CE133260FD287007F3A93 /* RecommendationGenresResponse.swift */; };
		318CE138260FDFF0007F3A93 /* AudioTrack.swift in Sources */ = {isa = PBXBuildFile; fileRef = 318CE137260FDFF0007F3A93 /* AudioTrack.swift */; };
		318FBB242603BE0C008B1F7A /* AppDelegate.swift in Sources */ = {isa = PBXBuildFile; fileRef = 318FBB232603BE0C008B1F7A /* AppDelegate.swift */; };
		318FBB262603BE0C008B1F7A /* SceneDelegate.swift in Sources */ = {isa = PBXBuildFile; fileRef = 318FBB252603BE0C008B1F7A /* SceneDelegate.swift */; };
		318FBB2B2603BE0C008B1F7A /* Main.storyboard in Resources */ = {isa = PBXBuildFile; fileRef = 318FBB292603BE0C008B1F7A /* Main.storyboard */; };
		318FBB2D2603BE10008B1F7A /* Assets.xcassets in Resources */ = {isa = PBXBuildFile; fileRef = 318FBB2C2603BE10008B1F7A /* Assets.xcassets */; };
		318FBB302603BE10008B1F7A /* LaunchScreen.storyboard in Resources */ = {isa = PBXBuildFile; fileRef = 318FBB2E2603BE10008B1F7A /* LaunchScreen.storyboard */; };
		318FBB402603C0C9008B1F7A /* Home.storyboard in Resources */ = {isa = PBXBuildFile; fileRef = 318FBB3F2603C0C9008B1F7A /* Home.storyboard */; };
		318FBB422603C0D7008B1F7A /* HomeViewController.swift in Sources */ = {isa = PBXBuildFile; fileRef = 318FBB412603C0D7008B1F7A /* HomeViewController.swift */; };
		318FBB442603C103008B1F7A /* SearchViewController.swift in Sources */ = {isa = PBXBuildFile; fileRef = 318FBB432603C103008B1F7A /* SearchViewController.swift */; };
		318FBB462603C10E008B1F7A /* LibraryViewController.swift in Sources */ = {isa = PBXBuildFile; fileRef = 318FBB452603C10E008B1F7A /* LibraryViewController.swift */; };
		318FBB482603C117008B1F7A /* Library.storyboard in Resources */ = {isa = PBXBuildFile; fileRef = 318FBB472603C117008B1F7A /* Library.storyboard */; };
		318FBB4A2603C137008B1F7A /* Search.storyboard in Resources */ = {isa = PBXBuildFile; fileRef = 318FBB492603C137008B1F7A /* Search.storyboard */; };
		318FBB4C2603C166008B1F7A /* TabBarViewController.swift in Sources */ = {isa = PBXBuildFile; fileRef = 318FBB4B2603C166008B1F7A /* TabBarViewController.swift */; };
		318FBB542603CCFE008B1F7A /* UserProfile.swift in Sources */ = {isa = PBXBuildFile; fileRef = 318FBB532603CCFD008B1F7A /* UserProfile.swift */; };
		31B496852603E1FF005C1EAA /* WelcomeViewController.swift in Sources */ = {isa = PBXBuildFile; fileRef = 31B496842603E1FF005C1EAA /* WelcomeViewController.swift */; };
		31B496892603E217005C1EAA /* Welcome.storyboard in Resources */ = {isa = PBXBuildFile; fileRef = 31B496882603E217005C1EAA /* Welcome.storyboard */; };
		31B496962604B356005C1EAA /* AuthManager.swift in Sources */ = {isa = PBXBuildFile; fileRef = 31B496952604B356005C1EAA /* AuthManager.swift */; };
		31B496992604B35F005C1EAA /* APICaller.swift in Sources */ = {isa = PBXBuildFile; fileRef = 31B496982604B35F005C1EAA /* APICaller.swift */; };
		31B4969C2604B36E005C1EAA /* HapticsManager.swift in Sources */ = {isa = PBXBuildFile; fileRef = 31B4969B2604B36E005C1EAA /* HapticsManager.swift */; };
		31B496A22604BF81005C1EAA /* Alerter.swift in Sources */ = {isa = PBXBuildFile; fileRef = 31B496A12604BF81005C1EAA /* Alerter.swift */; };
		31B496A72604D79B005C1EAA /* AuthenticationViewController.swift in Sources */ = {isa = PBXBuildFile; fileRef = 31B496A62604D79B005C1EAA /* AuthenticationViewController.swift */; };
		31B496AB2604D7A9005C1EAA /* Authentication.storyboard in Resources */ = {isa = PBXBuildFile; fileRef = 31B496AA2604D7A9005C1EAA /* Authentication.storyboard */; };
		64B5021CCDF7FE80C5EF7C6F /* Pods_Spotify.framework in Frameworks */ = {isa = PBXBuildFile; fileRef = CEC946F61921C5878DA376CF /* Pods_Spotify.framework */; };
/* End PBXBuildFile section */

/* Begin PBXFileReference section */
		3122CFBA2604FE6600836C5C /* AuthResponse.swift */ = {isa = PBXFileReference; lastKnownFileType = sourcecode.swift; path = AuthResponse.swift; sourceTree = "<group>"; };
		3122CFC326061D6200836C5C /* DMViewController.swift */ = {isa = PBXFileReference; lastKnownFileType = sourcecode.swift; path = DMViewController.swift; sourceTree = "<group>"; };
		3122CFCA26078F2700836C5C /* UIStoryboardExtensions.swift */ = {isa = PBXFileReference; lastKnownFileType = sourcecode.swift; path = UIStoryboardExtensions.swift; sourceTree = "<group>"; };
		3122CFD2260796E400836C5C /* Consts.swift */ = {isa = PBXFileReference; lastKnownFileType = sourcecode.swift; path = Consts.swift; sourceTree = "<group>"; };
		3122CFEF260A1C8600836C5C /* AuthenticationConstants.swift */ = {isa = PBXFileReference; lastKnownFileType = sourcecode.swift; path = AuthenticationConstants.swift; sourceTree = "<group>"; };
		3122CFF7260BCD9000836C5C /* SettingsViewController.swift */ = {isa = PBXFileReference; lastKnownFileType = sourcecode.swift; path = SettingsViewController.swift; sourceTree = "<group>"; };
		3122CFFB260BCDA000836C5C /* Settings.storyboard */ = {isa = PBXFileReference; lastKnownFileType = file.storyboard; path = Settings.storyboard; sourceTree = "<group>"; };
		3122CFFE260BD88100836C5C /* Settings.swift */ = {isa = PBXFileReference; lastKnownFileType = sourcecode.swift; path = Settings.swift; sourceTree = "<group>"; };
		3122D001260BD9DB00836C5C /* SettingsCell.swift */ = {isa = PBXFileReference; lastKnownFileType = sourcecode.swift; path = SettingsCell.swift; sourceTree = "<group>"; };
		3122D004260BEBA000836C5C /* SettingsHandlers.swift */ = {isa = PBXFileReference; lastKnownFileType = sourcecode.swift; path = SettingsHandlers.swift; sourceTree = "<group>"; };
		3122D008260BEDBE00836C5C /* ProfileViewController.swift */ = {isa = PBXFileReference; lastKnownFileType = sourcecode.swift; path = ProfileViewController.swift; sourceTree = "<group>"; };
		3122D00B260BEDEC00836C5C /* Profile.storyboard */ = {isa = PBXFileReference; lastKnownFileType = file.storyboard; path = Profile.storyboard; sourceTree = "<group>"; };
		318CE10A260CF7AC007F3A93 /* UserDefaultsExtension.swift */ = {isa = PBXFileReference; lastKnownFileType = sourcecode.swift; path = UserDefaultsExtension.swift; sourceTree = "<group>"; };
		318CE10E260F94B8007F3A93 /* APIConstants.swift */ = {isa = PBXFileReference; lastKnownFileType = sourcecode.swift; path = APIConstants.swift; sourceTree = "<group>"; };
		318CE112260F9DA6007F3A93 /* NewReleasesResponse.swift */ = {isa = PBXFileReference; lastKnownFileType = sourcecode.swift; path = NewReleasesResponse.swift; sourceTree = "<group>"; };
		318CE116260FB4FD007F3A93 /* FeaturedPlaylistsResponse.swift */ = {isa = PBXFileReference; lastKnownFileType = sourcecode.swift; path = FeaturedPlaylistsResponse.swift; sourceTree = "<group>"; };
		318CE119260FC5E2007F3A93 /* RecommendationsResponse.swift */ = {isa = PBXFileReference; lastKnownFileType = sourcecode.swift; path = RecommendationsResponse.swift; sourceTree = "<group>"; };
		318CE123260FCA1D007F3A93 /* Image.swift */ = {isa = PBXFileReference; lastKnownFileType = sourcecode.swift; path = Image.swift; sourceTree = "<group>"; };
		318CE127260FCAB2007F3A93 /* ExternalUrls.swift */ = {isa = PBXFileReference; lastKnownFileType = sourcecode.swift; path = ExternalUrls.swift; sourceTree = "<group>"; };
		318CE12B260FCB6F007F3A93 /* Artist.swift */ = {isa = PBXFileReference; lastKnownFileType = sourcecode.swift; path = Artist.swift; sourceTree = "<group>"; };
		318CE133260FD287007F3A93 /* RecommendationGenresResponse.swift */ = {isa = PBXFileReference; lastKnownFileType = sourcecode.swift; path = RecommendationGenresResponse.swift; sourceTree = "<group>"; };
		318CE137260FDFF0007F3A93 /* AudioTrack.swift */ = {isa = PBXFileReference; lastKnownFileType = sourcecode.swift; path = AudioTrack.swift; sourceTree = "<group>"; };
		318FBB202603BE0C008B1F7A /* Spotify.app */ = {isa = PBXFileReference; explicitFileType = wrapper.application; includeInIndex = 0; path = Spotify.app; sourceTree = BUILT_PRODUCTS_DIR; };
		318FBB232603BE0C008B1F7A /* AppDelegate.swift */ = {isa = PBXFileReference; lastKnownFileType = sourcecode.swift; path = AppDelegate.swift; sourceTree = "<group>"; };
		318FBB252603BE0C008B1F7A /* SceneDelegate.swift */ = {isa = PBXFileReference; lastKnownFileType = sourcecode.swift; path = SceneDelegate.swift; sourceTree = "<group>"; };
		318FBB2A2603BE0C008B1F7A /* Base */ = {isa = PBXFileReference; lastKnownFileType = file.storyboard; name = Base; path = Base.lproj/Main.storyboard; sourceTree = "<group>"; };
		318FBB2C2603BE10008B1F7A /* Assets.xcassets */ = {isa = PBXFileReference; lastKnownFileType = folder.assetcatalog; path = Assets.xcassets; sourceTree = "<group>"; };
		318FBB2F2603BE10008B1F7A /* Base */ = {isa = PBXFileReference; lastKnownFileType = file.storyboard; name = Base; path = Base.lproj/LaunchScreen.storyboard; sourceTree = "<group>"; };
		318FBB312603BE10008B1F7A /* Info.plist */ = {isa = PBXFileReference; lastKnownFileType = text.plist.xml; path = Info.plist; sourceTree = "<group>"; };
		318FBB3F2603C0C9008B1F7A /* Home.storyboard */ = {isa = PBXFileReference; lastKnownFileType = file.storyboard; path = Home.storyboard; sourceTree = "<group>"; };
		318FBB412603C0D7008B1F7A /* HomeViewController.swift */ = {isa = PBXFileReference; lastKnownFileType = sourcecode.swift; path = HomeViewController.swift; sourceTree = "<group>"; };
		318FBB432603C103008B1F7A /* SearchViewController.swift */ = {isa = PBXFileReference; lastKnownFileType = sourcecode.swift; path = SearchViewController.swift; sourceTree = "<group>"; };
		318FBB452603C10E008B1F7A /* LibraryViewController.swift */ = {isa = PBXFileReference; lastKnownFileType = sourcecode.swift; path = LibraryViewController.swift; sourceTree = "<group>"; };
		318FBB472603C117008B1F7A /* Library.storyboard */ = {isa = PBXFileReference; lastKnownFileType = file.storyboard; path = Library.storyboard; sourceTree = "<group>"; };
		318FBB492603C137008B1F7A /* Search.storyboard */ = {isa = PBXFileReference; lastKnownFileType = file.storyboard; path = Search.storyboard; sourceTree = "<group>"; };
		318FBB4B2603C166008B1F7A /* TabBarViewController.swift */ = {isa = PBXFileReference; lastKnownFileType = sourcecode.swift; path = TabBarViewController.swift; sourceTree = "<group>"; };
		318FBB532603CCFD008B1F7A /* UserProfile.swift */ = {isa = PBXFileReference; lastKnownFileType = sourcecode.swift; path = UserProfile.swift; sourceTree = "<group>"; };
		31B496842603E1FF005C1EAA /* WelcomeViewController.swift */ = {isa = PBXFileReference; lastKnownFileType = sourcecode.swift; path = WelcomeViewController.swift; sourceTree = "<group>"; };
		31B496882603E217005C1EAA /* Welcome.storyboard */ = {isa = PBXFileReference; lastKnownFileType = file.storyboard; path = Welcome.storyboard; sourceTree = "<group>"; };
		31B496952604B356005C1EAA /* AuthManager.swift */ = {isa = PBXFileReference; lastKnownFileType = sourcecode.swift; path = AuthManager.swift; sourceTree = "<group>"; };
		31B496982604B35F005C1EAA /* APICaller.swift */ = {isa = PBXFileReference; lastKnownFileType = sourcecode.swift; path = APICaller.swift; sourceTree = "<group>"; };
		31B4969B2604B36E005C1EAA /* HapticsManager.swift */ = {isa = PBXFileReference; lastKnownFileType = sourcecode.swift; path = HapticsManager.swift; sourceTree = "<group>"; };
		31B496A12604BF81005C1EAA /* Alerter.swift */ = {isa = PBXFileReference; lastKnownFileType = sourcecode.swift; path = Alerter.swift; sourceTree = "<group>"; };
		31B496A62604D79B005C1EAA /* AuthenticationViewController.swift */ = {isa = PBXFileReference; lastKnownFileType = sourcecode.swift; path = AuthenticationViewController.swift; sourceTree = "<group>"; };
		31B496AA2604D7A9005C1EAA /* Authentication.storyboard */ = {isa = PBXFileReference; lastKnownFileType = file.storyboard; path = Authentication.storyboard; sourceTree = "<group>"; };
		3E7065099752ED79A606F34C /* Pods-Spotify.release.xcconfig */ = {isa = PBXFileReference; includeInIndex = 1; lastKnownFileType = text.xcconfig; name = "Pods-Spotify.release.xcconfig"; path = "Target Support Files/Pods-Spotify/Pods-Spotify.release.xcconfig"; sourceTree = "<group>"; };
		40C2285F462C48E6887E5195 /* Pods-Spotify.debug.xcconfig */ = {isa = PBXFileReference; includeInIndex = 1; lastKnownFileType = text.xcconfig; name = "Pods-Spotify.debug.xcconfig"; path = "Target Support Files/Pods-Spotify/Pods-Spotify.debug.xcconfig"; sourceTree = "<group>"; };
		CEC946F61921C5878DA376CF /* Pods_Spotify.framework */ = {isa = PBXFileReference; explicitFileType = wrapper.framework; includeInIndex = 0; path = Pods_Spotify.framework; sourceTree = BUILT_PRODUCTS_DIR; };
/* End PBXFileReference section */

/* Begin PBXFrameworksBuildPhase section */
		318FBB1D2603BE0C008B1F7A /* Frameworks */ = {
			isa = PBXFrameworksBuildPhase;
			buildActionMask = 2147483647;
			files = (
				64B5021CCDF7FE80C5EF7C6F /* Pods_Spotify.framework in Frameworks */,
			);
			runOnlyForDeploymentPostprocessing = 0;
		};
/* End PBXFrameworksBuildPhase section */

/* Begin PBXGroup section */
		3122CFBE26054FAD00836C5C /* Application */ = {
			isa = PBXGroup;
			children = (
				318FBB252603BE0C008B1F7A /* SceneDelegate.swift */,
			);
			path = Application;
			sourceTree = "<group>";
		};
		3122CFBF26054FC300836C5C /* Common */ = {
			isa = PBXGroup;
			children = (
				3122CFD1260796D500836C5C /* Constants */,
				3122CFC926078F1200836C5C /* Extensions */,
				3122CFC026054FD700836C5C /* Alerts */,
				318FBB382603BE4D008B1F7A /* Models */,
				3122CFC326061D6200836C5C /* DMViewController.swift */,
			);
			path = Common;
			sourceTree = "<group>";
		};
		3122CFC026054FD700836C5C /* Alerts */ = {
			isa = PBXGroup;
			children = (
				31B496A12604BF81005C1EAA /* Alerter.swift */,
			);
			path = Alerts;
			sourceTree = "<group>";
		};
		3122CFC126054FF500836C5C /* Services */ = {
			isa = PBXGroup;
			children = (
				31B496942604B347005C1EAA /* Managers */,
			);
			path = Services;
			sourceTree = "<group>";
		};
		3122CFC926078F1200836C5C /* Extensions */ = {
			isa = PBXGroup;
			children = (
				3122CFCA26078F2700836C5C /* UIStoryboardExtensions.swift */,
				318CE10A260CF7AC007F3A93 /* UserDefaultsExtension.swift */,
			);
			path = Extensions;
			sourceTree = "<group>";
		};
		3122CFD1260796D500836C5C /* Constants */ = {
			isa = PBXGroup;
			children = (
				3122CFD2260796E400836C5C /* Consts.swift */,
				3122CFEF260A1C8600836C5C /* AuthenticationConstants.swift */,
				318CE10E260F94B8007F3A93 /* APIConstants.swift */,
			);
			path = Constants;
			sourceTree = "<group>";
		};
		3122CFF6260BCD7300836C5C /* Settings */ = {
			isa = PBXGroup;
			children = (
				3122CFF7260BCD9000836C5C /* SettingsViewController.swift */,
				3122CFFB260BCDA000836C5C /* Settings.storyboard */,
				3122D001260BD9DB00836C5C /* SettingsCell.swift */,
				3122D004260BEBA000836C5C /* SettingsHandlers.swift */,
			);
			path = Settings;
			sourceTree = "<group>";
		};
		3122D007260BEDA600836C5C /* Profile */ = {
			isa = PBXGroup;
			children = (
				3122D008260BEDBE00836C5C /* ProfileViewController.swift */,
				3122D00B260BEDEC00836C5C /* Profile.storyboard */,
			);
			path = Profile;
			sourceTree = "<group>";
		};
		318CE12A260FCB37007F3A93 /* Common */ = {
			isa = PBXGroup;
			children = (
				318CE123260FCA1D007F3A93 /* Image.swift */,
				318CE127260FCAB2007F3A93 /* ExternalUrls.swift */,
				318CE12B260FCB6F007F3A93 /* Artist.swift */,
				318CE137260FDFF0007F3A93 /* AudioTrack.swift */,
			);
			path = Common;
			sourceTree = "<group>";
		};
		318FBB172603BE0B008B1F7A = {
			isa = PBXGroup;
			children = (
				318FBB222603BE0C008B1F7A /* Spotify */,
				318FBB212603BE0C008B1F7A /* Products */,
				ACA97EFFB9AA15EB07637FD1 /* Pods */,
				8D019C0FF6C5C21FEC5A2ADB /* Frameworks */,
			);
			sourceTree = "<group>";
		};
		318FBB212603BE0C008B1F7A /* Products */ = {
			isa = PBXGroup;
			children = (
				318FBB202603BE0C008B1F7A /* Spotify.app */,
			);
			name = Products;
			sourceTree = "<group>";
		};
		318FBB222603BE0C008B1F7A /* Spotify */ = {
			isa = PBXGroup;
			children = (
				3122CFBE26054FAD00836C5C /* Application */,
				3122CFBF26054FC300836C5C /* Common */,
				3122CFC126054FF500836C5C /* Services */,
				318FBB3B2603C09C008B1F7A /* Modules */,
				318FBB372603BE1B008B1F7A /* Resources */,
			);
			path = Spotify;
			sourceTree = "<group>";
		};
		318FBB372603BE1B008B1F7A /* Resources */ = {
			isa = PBXGroup;
			children = (
				318FBB2C2603BE10008B1F7A /* Assets.xcassets */,
				318FBB232603BE0C008B1F7A /* AppDelegate.swift */,
				318FBB312603BE10008B1F7A /* Info.plist */,
			);
			path = Resources;
			sourceTree = "<group>";
		};
		318FBB382603BE4D008B1F7A /* Models */ = {
			isa = PBXGroup;
			children = (
				318CE12A260FCB37007F3A93 /* Common */,
				3122CFBA2604FE6600836C5C /* AuthResponse.swift */,
				3122CFFE260BD88100836C5C /* Settings.swift */,
				318FBB532603CCFD008B1F7A /* UserProfile.swift */,
				318CE112260F9DA6007F3A93 /* NewReleasesResponse.swift */,
				318CE116260FB4FD007F3A93 /* FeaturedPlaylistsResponse.swift */,
				318CE119260FC5E2007F3A93 /* RecommendationsResponse.swift */,
				318CE133260FD287007F3A93 /* RecommendationGenresResponse.swift */,
			);
			path = Models;
			sourceTree = "<group>";
		};
		318FBB392603BE55008B1F7A /* Navigation */ = {
			isa = PBXGroup;
			children = (
				318FBB4B2603C166008B1F7A /* TabBarViewController.swift */,
				318FBB292603BE0C008B1F7A /* Main.storyboard */,
				318FBB2E2603BE10008B1F7A /* LaunchScreen.storyboard */,
			);
			path = Navigation;
			sourceTree = "<group>";
		};
		318FBB3B2603C09C008B1F7A /* Modules */ = {
			isa = PBXGroup;
			children = (
				31B4967F2603D823005C1EAA /* Core */,
				31B496812603D829005C1EAA /* Other */,
				318FBB392603BE55008B1F7A /* Navigation */,
			);
			path = Modules;
			sourceTree = "<group>";
		};
		318FBB3C2603C0A4008B1F7A /* Home */ = {
			isa = PBXGroup;
			children = (
				318FBB3F2603C0C9008B1F7A /* Home.storyboard */,
				318FBB412603C0D7008B1F7A /* HomeViewController.swift */,
			);
			path = Home;
			sourceTree = "<group>";
		};
		318FBB3D2603C0A9008B1F7A /* Search */ = {
			isa = PBXGroup;
			children = (
				318FBB432603C103008B1F7A /* SearchViewController.swift */,
				318FBB492603C137008B1F7A /* Search.storyboard */,
			);
			path = Search;
			sourceTree = "<group>";
		};
		318FBB3E2603C0AF008B1F7A /* Library */ = {
			isa = PBXGroup;
			children = (
				318FBB452603C10E008B1F7A /* LibraryViewController.swift */,
				318FBB472603C117008B1F7A /* Library.storyboard */,
			);
			path = Library;
			sourceTree = "<group>";
		};
		31B4967F2603D823005C1EAA /* Core */ = {
			isa = PBXGroup;
			children = (
				318FBB3C2603C0A4008B1F7A /* Home */,
				318FBB3E2603C0AF008B1F7A /* Library */,
				318FBB3D2603C0A9008B1F7A /* Search */,
			);
			path = Core;
			sourceTree = "<group>";
		};
		31B496812603D829005C1EAA /* Other */ = {
			isa = PBXGroup;
			children = (
				3122D007260BEDA600836C5C /* Profile */,
				3122CFF6260BCD7300836C5C /* Settings */,
				31B496A52604D789005C1EAA /* Authentication */,
				31B496832603E1E5005C1EAA /* Welcome */,
			);
			path = Other;
			sourceTree = "<group>";
		};
		31B496832603E1E5005C1EAA /* Welcome */ = {
			isa = PBXGroup;
			children = (
				31B496842603E1FF005C1EAA /* WelcomeViewController.swift */,
				31B496882603E217005C1EAA /* Welcome.storyboard */,
			);
			path = Welcome;
			sourceTree = "<group>";
		};
		31B496942604B347005C1EAA /* Managers */ = {
			isa = PBXGroup;
			children = (
				31B496952604B356005C1EAA /* AuthManager.swift */,
				31B496982604B35F005C1EAA /* APICaller.swift */,
				31B4969B2604B36E005C1EAA /* HapticsManager.swift */,
			);
			path = Managers;
			sourceTree = "<group>";
		};
		31B496A52604D789005C1EAA /* Authentication */ = {
			isa = PBXGroup;
			children = (
				31B496A62604D79B005C1EAA /* AuthenticationViewController.swift */,
				31B496AA2604D7A9005C1EAA /* Authentication.storyboard */,
			);
			path = Authentication;
			sourceTree = "<group>";
		};
		8D019C0FF6C5C21FEC5A2ADB /* Frameworks */ = {
			isa = PBXGroup;
			children = (
				CEC946F61921C5878DA376CF /* Pods_Spotify.framework */,
			);
			name = Frameworks;
			sourceTree = "<group>";
		};
		ACA97EFFB9AA15EB07637FD1 /* Pods */ = {
			isa = PBXGroup;
			children = (
				40C2285F462C48E6887E5195 /* Pods-Spotify.debug.xcconfig */,
				3E7065099752ED79A606F34C /* Pods-Spotify.release.xcconfig */,
			);
			path = Pods;
			sourceTree = "<group>";
		};
/* End PBXGroup section */

/* Begin PBXNativeTarget section */
		318FBB1F2603BE0C008B1F7A /* Spotify */ = {
			isa = PBXNativeTarget;
			buildConfigurationList = 318FBB342603BE10008B1F7A /* Build configuration list for PBXNativeTarget "Spotify" */;
			buildPhases = (
				0BCB7B9A09CB9E37F29CE9B7 /* [CP] Check Pods Manifest.lock */,
				318FBB1C2603BE0C008B1F7A /* Sources */,
				318FBB1D2603BE0C008B1F7A /* Frameworks */,
				318FBB1E2603BE0C008B1F7A /* Resources */,
				A38F163603B8239319614521 /* [CP] Embed Pods Frameworks */,
			);
			buildRules = (
			);
			dependencies = (
			);
			name = Spotify;
			productName = Spotify;
			productReference = 318FBB202603BE0C008B1F7A /* Spotify.app */;
			productType = "com.apple.product-type.application";
		};
/* End PBXNativeTarget section */

/* Begin PBXProject section */
		318FBB182603BE0B008B1F7A /* Project object */ = {
			isa = PBXProject;
			attributes = {
				LastSwiftUpdateCheck = 1130;
				LastUpgradeCheck = 1240;
				ORGANIZATIONNAME = "Dino Martan";
				TargetAttributes = {
					318FBB1F2603BE0C008B1F7A = {
						CreatedOnToolsVersion = 11.3.1;
					};
				};
			};
			buildConfigurationList = 318FBB1B2603BE0B008B1F7A /* Build configuration list for PBXProject "Spotify" */;
			compatibilityVersion = "Xcode 9.3";
			developmentRegion = en;
			hasScannedForEncodings = 0;
			knownRegions = (
				en,
				Base,
			);
			mainGroup = 318FBB172603BE0B008B1F7A;
			productRefGroup = 318FBB212603BE0C008B1F7A /* Products */;
			projectDirPath = "";
			projectRoot = "";
			targets = (
				318FBB1F2603BE0C008B1F7A /* Spotify */,
			);
		};
/* End PBXProject section */

/* Begin PBXResourcesBuildPhase section */
		318FBB1E2603BE0C008B1F7A /* Resources */ = {
			isa = PBXResourcesBuildPhase;
			buildActionMask = 2147483647;
			files = (
				31B496AB2604D7A9005C1EAA /* Authentication.storyboard in Resources */,
				318FBB302603BE10008B1F7A /* LaunchScreen.storyboard in Resources */,
				3122D00C260BEDEC00836C5C /* Profile.storyboard in Resources */,
				318FBB2D2603BE10008B1F7A /* Assets.xcassets in Resources */,
				318FBB482603C117008B1F7A /* Library.storyboard in Resources */,
				318FBB2B2603BE0C008B1F7A /* Main.storyboard in Resources */,
				318FBB4A2603C137008B1F7A /* Search.storyboard in Resources */,
				3122CFFC260BCDA000836C5C /* Settings.storyboard in Resources */,
				318FBB402603C0C9008B1F7A /* Home.storyboard in Resources */,
				31B496892603E217005C1EAA /* Welcome.storyboard in Resources */,
			);
			runOnlyForDeploymentPostprocessing = 0;
		};
/* End PBXResourcesBuildPhase section */

/* Begin PBXShellScriptBuildPhase section */
		0BCB7B9A09CB9E37F29CE9B7 /* [CP] Check Pods Manifest.lock */ = {
			isa = PBXShellScriptBuildPhase;
			buildActionMask = 2147483647;
			files = (
			);
			inputFileListPaths = (
			);
			inputPaths = (
				"${PODS_PODFILE_DIR_PATH}/Podfile.lock",
				"${PODS_ROOT}/Manifest.lock",
			);
			name = "[CP] Check Pods Manifest.lock";
			outputFileListPaths = (
			);
			outputPaths = (
				"$(DERIVED_FILE_DIR)/Pods-Spotify-checkManifestLockResult.txt",
			);
			runOnlyForDeploymentPostprocessing = 0;
			shellPath = /bin/sh;
			shellScript = "diff \"${PODS_PODFILE_DIR_PATH}/Podfile.lock\" \"${PODS_ROOT}/Manifest.lock\" > /dev/null\nif [ $? != 0 ] ; then\n    # print error to STDERR\n    echo \"error: The sandbox is not in sync with the Podfile.lock. Run 'pod install' or update your CocoaPods installation.\" >&2\n    exit 1\nfi\n# This output is used by Xcode 'outputs' to avoid re-running this script phase.\necho \"SUCCESS\" > \"${SCRIPT_OUTPUT_FILE_0}\"\n";
			showEnvVarsInLog = 0;
		};
		A38F163603B8239319614521 /* [CP] Embed Pods Frameworks */ = {
			isa = PBXShellScriptBuildPhase;
			buildActionMask = 2147483647;
			files = (
			);
			inputFileListPaths = (
				"${PODS_ROOT}/Target Support Files/Pods-Spotify/Pods-Spotify-frameworks-${CONFIGURATION}-input-files.xcfilelist",
			);
			name = "[CP] Embed Pods Frameworks";
			outputFileListPaths = (
				"${PODS_ROOT}/Target Support Files/Pods-Spotify/Pods-Spotify-frameworks-${CONFIGURATION}-output-files.xcfilelist",
			);
			runOnlyForDeploymentPostprocessing = 0;
			shellPath = /bin/sh;
			shellScript = "\"${PODS_ROOT}/Target Support Files/Pods-Spotify/Pods-Spotify-frameworks.sh\"\n";
			showEnvVarsInLog = 0;
		};
/* End PBXShellScriptBuildPhase section */

/* Begin PBXSourcesBuildPhase section */
		318FBB1C2603BE0C008B1F7A /* Sources */ = {
			isa = PBXSourcesBuildPhase;
			buildActionMask = 2147483647;
			files = (
				318CE11A260FC5E2007F3A93 /* RecommendationsResponse.swift in Sources */,
				318FBB442603C103008B1F7A /* SearchViewController.swift in Sources */,
				31B496962604B356005C1EAA /* AuthManager.swift in Sources */,
				318FBB242603BE0C008B1F7A /* AppDelegate.swift in Sources */,
				318CE124260FCA1D007F3A93 /* Image.swift in Sources */,
				3122D005260BEBA100836C5C /* SettingsHandlers.swift in Sources */,
				3122CFF0260A1C8600836C5C /* AuthenticationConstants.swift in Sources */,
				3122CFBB2604FE6600836C5C /* AuthResponse.swift in Sources */,
				318CE128260FCAB2007F3A93 /* ExternalUrls.swift in Sources */,
				3122D009260BEDBE00836C5C /* ProfileViewController.swift in Sources */,
				318CE10F260F94B8007F3A93 /* APIConstants.swift in Sources */,
				3122CFCB26078F2700836C5C /* UIStoryboardExtensions.swift in Sources */,
				318FBB262603BE0C008B1F7A /* SceneDelegate.swift in Sources */,
				31B4969C2604B36E005C1EAA /* HapticsManager.swift in Sources */,
				31B496A22604BF81005C1EAA /* Alerter.swift in Sources */,
				318FBB542603CCFE008B1F7A /* UserProfile.swift in Sources */,
				318FBB4C2603C166008B1F7A /* TabBarViewController.swift in Sources */,
				3122CFD3260796E400836C5C /* Consts.swift in Sources */,
				318FBB462603C10E008B1F7A /* LibraryViewController.swift in Sources */,
				3122D002260BD9DB00836C5C /* SettingsCell.swift in Sources */,
				3122CFF8260BCD9000836C5C /* SettingsViewController.swift in Sources */,
				318FBB422603C0D7008B1F7A /* HomeViewController.swift in Sources */,
				31B496852603E1FF005C1EAA /* WelcomeViewController.swift in Sources */,
				318CE138260FDFF0007F3A93 /* AudioTrack.swift in Sources */,
				318CE113260F9DA6007F3A93 /* NewReleasesResponse.swift in Sources */,
				318CE12C260FCB6F007F3A93 /* Artist.swift in Sources */,
				318CE134260FD287007F3A93 /* RecommendationGenresResponse.swift in Sources */,
				318CE117260FB4FD007F3A93 /* FeaturedPlaylistsResponse.swift in Sources */,
				3122CFFF260BD88100836C5C /* Settings.swift in Sources */,
				3122CFC426061D6200836C5C /* DMViewController.swift in Sources */,
				31B496992604B35F005C1EAA /* APICaller.swift in Sources */,
				31B496A72604D79B005C1EAA /* AuthenticationViewController.swift in Sources */,
				318CE10B260CF7AC007F3A93 /* UserDefaultsExtension.swift in Sources */,
			);
			runOnlyForDeploymentPostprocessing = 0;
		};
/* End PBXSourcesBuildPhase section */

/* Begin PBXVariantGroup section */
		318FBB292603BE0C008B1F7A /* Main.storyboard */ = {
			isa = PBXVariantGroup;
			children = (
				318FBB2A2603BE0C008B1F7A /* Base */,
			);
			name = Main.storyboard;
			sourceTree = "<group>";
		};
		318FBB2E2603BE10008B1F7A /* LaunchScreen.storyboard */ = {
			isa = PBXVariantGroup;
			children = (
				318FBB2F2603BE10008B1F7A /* Base */,
			);
			name = LaunchScreen.storyboard;
			sourceTree = "<group>";
		};
/* End PBXVariantGroup section */

/* Begin XCBuildConfiguration section */
		318FBB322603BE10008B1F7A /* Debug */ = {
			isa = XCBuildConfiguration;
			buildSettings = {
				ALWAYS_SEARCH_USER_PATHS = NO;
				CLANG_ANALYZER_NONNULL = YES;
				CLANG_ANALYZER_NUMBER_OBJECT_CONVERSION = YES_AGGRESSIVE;
				CLANG_CXX_LANGUAGE_STANDARD = "gnu++14";
				CLANG_CXX_LIBRARY = "libc++";
				CLANG_ENABLE_MODULES = YES;
				CLANG_ENABLE_OBJC_ARC = YES;
				CLANG_ENABLE_OBJC_WEAK = YES;
				CLANG_WARN_BLOCK_CAPTURE_AUTORELEASING = YES;
				CLANG_WARN_BOOL_CONVERSION = YES;
				CLANG_WARN_COMMA = YES;
				CLANG_WARN_CONSTANT_CONVERSION = YES;
				CLANG_WARN_DEPRECATED_OBJC_IMPLEMENTATIONS = YES;
				CLANG_WARN_DIRECT_OBJC_ISA_USAGE = YES_ERROR;
				CLANG_WARN_DOCUMENTATION_COMMENTS = YES;
				CLANG_WARN_EMPTY_BODY = YES;
				CLANG_WARN_ENUM_CONVERSION = YES;
				CLANG_WARN_INFINITE_RECURSION = YES;
				CLANG_WARN_INT_CONVERSION = YES;
				CLANG_WARN_NON_LITERAL_NULL_CONVERSION = YES;
				CLANG_WARN_OBJC_IMPLICIT_RETAIN_SELF = YES;
				CLANG_WARN_OBJC_LITERAL_CONVERSION = YES;
				CLANG_WARN_OBJC_ROOT_CLASS = YES_ERROR;
				CLANG_WARN_QUOTED_INCLUDE_IN_FRAMEWORK_HEADER = YES;
				CLANG_WARN_RANGE_LOOP_ANALYSIS = YES;
				CLANG_WARN_STRICT_PROTOTYPES = YES;
				CLANG_WARN_SUSPICIOUS_MOVE = YES;
				CLANG_WARN_UNGUARDED_AVAILABILITY = YES_AGGRESSIVE;
				CLANG_WARN_UNREACHABLE_CODE = YES;
				CLANG_WARN__DUPLICATE_METHOD_MATCH = YES;
				COPY_PHASE_STRIP = NO;
				DEBUG_INFORMATION_FORMAT = dwarf;
				ENABLE_STRICT_OBJC_MSGSEND = YES;
				ENABLE_TESTABILITY = YES;
				GCC_C_LANGUAGE_STANDARD = gnu11;
				GCC_DYNAMIC_NO_PIC = NO;
				GCC_NO_COMMON_BLOCKS = YES;
				GCC_OPTIMIZATION_LEVEL = 0;
				GCC_PREPROCESSOR_DEFINITIONS = (
					"DEBUG=1",
					"$(inherited)",
				);
				GCC_WARN_64_TO_32_BIT_CONVERSION = YES;
				GCC_WARN_ABOUT_RETURN_TYPE = YES_ERROR;
				GCC_WARN_UNDECLARED_SELECTOR = YES;
				GCC_WARN_UNINITIALIZED_AUTOS = YES_AGGRESSIVE;
				GCC_WARN_UNUSED_FUNCTION = YES;
				GCC_WARN_UNUSED_VARIABLE = YES;
				IPHONEOS_DEPLOYMENT_TARGET = 13.2;
				MTL_ENABLE_DEBUG_INFO = INCLUDE_SOURCE;
				MTL_FAST_MATH = YES;
				ONLY_ACTIVE_ARCH = YES;
				SDKROOT = iphoneos;
				SWIFT_ACTIVE_COMPILATION_CONDITIONS = DEBUG;
				SWIFT_OPTIMIZATION_LEVEL = "-Onone";
			};
			name = Debug;
		};
		318FBB332603BE10008B1F7A /* Release */ = {
			isa = XCBuildConfiguration;
			buildSettings = {
				ALWAYS_SEARCH_USER_PATHS = NO;
				CLANG_ANALYZER_NONNULL = YES;
				CLANG_ANALYZER_NUMBER_OBJECT_CONVERSION = YES_AGGRESSIVE;
				CLANG_CXX_LANGUAGE_STANDARD = "gnu++14";
				CLANG_CXX_LIBRARY = "libc++";
				CLANG_ENABLE_MODULES = YES;
				CLANG_ENABLE_OBJC_ARC = YES;
				CLANG_ENABLE_OBJC_WEAK = YES;
				CLANG_WARN_BLOCK_CAPTURE_AUTORELEASING = YES;
				CLANG_WARN_BOOL_CONVERSION = YES;
				CLANG_WARN_COMMA = YES;
				CLANG_WARN_CONSTANT_CONVERSION = YES;
				CLANG_WARN_DEPRECATED_OBJC_IMPLEMENTATIONS = YES;
				CLANG_WARN_DIRECT_OBJC_ISA_USAGE = YES_ERROR;
				CLANG_WARN_DOCUMENTATION_COMMENTS = YES;
				CLANG_WARN_EMPTY_BODY = YES;
				CLANG_WARN_ENUM_CONVERSION = YES;
				CLANG_WARN_INFINITE_RECURSION = YES;
				CLANG_WARN_INT_CONVERSION = YES;
				CLANG_WARN_NON_LITERAL_NULL_CONVERSION = YES;
				CLANG_WARN_OBJC_IMPLICIT_RETAIN_SELF = YES;
				CLANG_WARN_OBJC_LITERAL_CONVERSION = YES;
				CLANG_WARN_OBJC_ROOT_CLASS = YES_ERROR;
				CLANG_WARN_QUOTED_INCLUDE_IN_FRAMEWORK_HEADER = YES;
				CLANG_WARN_RANGE_LOOP_ANALYSIS = YES;
				CLANG_WARN_STRICT_PROTOTYPES = YES;
				CLANG_WARN_SUSPICIOUS_MOVE = YES;
				CLANG_WARN_UNGUARDED_AVAILABILITY = YES_AGGRESSIVE;
				CLANG_WARN_UNREACHABLE_CODE = YES;
				CLANG_WARN__DUPLICATE_METHOD_MATCH = YES;
				COPY_PHASE_STRIP = NO;
				DEBUG_INFORMATION_FORMAT = "dwarf-with-dsym";
				ENABLE_NS_ASSERTIONS = NO;
				ENABLE_STRICT_OBJC_MSGSEND = YES;
				GCC_C_LANGUAGE_STANDARD = gnu11;
				GCC_NO_COMMON_BLOCKS = YES;
				GCC_WARN_64_TO_32_BIT_CONVERSION = YES;
				GCC_WARN_ABOUT_RETURN_TYPE = YES_ERROR;
				GCC_WARN_UNDECLARED_SELECTOR = YES;
				GCC_WARN_UNINITIALIZED_AUTOS = YES_AGGRESSIVE;
				GCC_WARN_UNUSED_FUNCTION = YES;
				GCC_WARN_UNUSED_VARIABLE = YES;
				IPHONEOS_DEPLOYMENT_TARGET = 13.2;
				MTL_ENABLE_DEBUG_INFO = NO;
				MTL_FAST_MATH = YES;
				SDKROOT = iphoneos;
				SWIFT_COMPILATION_MODE = wholemodule;
				SWIFT_OPTIMIZATION_LEVEL = "-O";
				VALIDATE_PRODUCT = YES;
			};
			name = Release;
		};
		318FBB352603BE10008B1F7A /* Debug */ = {
			isa = XCBuildConfiguration;
			baseConfigurationReference = 40C2285F462C48E6887E5195 /* Pods-Spotify.debug.xcconfig */;
			buildSettings = {
				ASSETCATALOG_COMPILER_APPICON_NAME = AppIcon;
				CODE_SIGN_STYLE = Automatic;
				DEVELOPMENT_TEAM = P675Y7Z4V8;
				INFOPLIST_FILE = Spotify/Resources/Info.plist;
				LD_RUNPATH_SEARCH_PATHS = (
					"$(inherited)",
					"@executable_path/Frameworks",
				);
				PRODUCT_BUNDLE_IDENTIFIER = dmartan.Spotify;
				PRODUCT_NAME = "$(TARGET_NAME)";
				SWIFT_VERSION = 5.0;
				TARGETED_DEVICE_FAMILY = "1,2";
			};
			name = Debug;
		};
		318FBB362603BE10008B1F7A /* Release */ = {
			isa = XCBuildConfiguration;
			baseConfigurationReference = 3E7065099752ED79A606F34C /* Pods-Spotify.release.xcconfig */;
			buildSettings = {
				ASSETCATALOG_COMPILER_APPICON_NAME = AppIcon;
				CODE_SIGN_STYLE = Automatic;
				DEVELOPMENT_TEAM = P675Y7Z4V8;
				INFOPLIST_FILE = Spotify/Resources/Info.plist;
				LD_RUNPATH_SEARCH_PATHS = (
					"$(inherited)",
					"@executable_path/Frameworks",
				);
				PRODUCT_BUNDLE_IDENTIFIER = dmartan.Spotify;
				PRODUCT_NAME = "$(TARGET_NAME)";
				SWIFT_VERSION = 5.0;
				TARGETED_DEVICE_FAMILY = "1,2";
			};
			name = Release;
		};
/* End XCBuildConfiguration section */

/* Begin XCConfigurationList section */
		318FBB1B2603BE0B008B1F7A /* Build configuration list for PBXProject "Spotify" */ = {
			isa = XCConfigurationList;
			buildConfigurations = (
				318FBB322603BE10008B1F7A /* Debug */,
				318FBB332603BE10008B1F7A /* Release */,
			);
			defaultConfigurationIsVisible = 0;
			defaultConfigurationName = Release;
		};
		318FBB342603BE10008B1F7A /* Build configuration list for PBXNativeTarget "Spotify" */ = {
			isa = XCConfigurationList;
			buildConfigurations = (
				318FBB352603BE10008B1F7A /* Debug */,
				318FBB362603BE10008B1F7A /* Release */,
			);
			defaultConfigurationIsVisible = 0;
			defaultConfigurationName = Release;
		};
/* End XCConfigurationList section */
	};
	rootObject = 318FBB182603BE0B008B1F7A /* Project object */;
}
